// !$*UTF8*$!
{
	archiveVersion = 1;
	classes = {
	};
	objectVersion = 56;
	objects = {

/* Begin PBXBuildFile section */
		3341D4627B765A38D9E8EBF9 /* Pods_Thunder_Store.framework in Frameworks */ = {isa = PBXBuildFile; fileRef = 7A3964FED470AEFE5441E773 /* Pods_Thunder_Store.framework */; };
		C6155F9129773E7F00EC7E86 /* ItemCatViewController.swift in Sources */ = {isa = PBXBuildFile; fileRef = C6155F9029773E7F00EC7E86 /* ItemCatViewController.swift */; };
		C6245B0A2976E59D0025F87E /* LoginViewController.swift in Sources */ = {isa = PBXBuildFile; fileRef = C6245B082976E59C0025F87E /* LoginViewController.swift */; };
		C6245B0B2976E59D0025F87E /* RegisterViewController.swift in Sources */ = {isa = PBXBuildFile; fileRef = C6245B092976E59D0025F87E /* RegisterViewController.swift */; };
		C6245B122976E7050025F87E /* ProfileCollectionViewCell.swift in Sources */ = {isa = PBXBuildFile; fileRef = C6245B0C2976E6FD0025F87E /* ProfileCollectionViewCell.swift */; };
		C6245B142976E7050025F87E /* HomeCatCollectionViewCell.swift in Sources */ = {isa = PBXBuildFile; fileRef = C6245B0E2976E7000025F87E /* HomeCatCollectionViewCell.swift */; };
		C6245B152976E7050025F87E /* HomeViewController.swift in Sources */ = {isa = PBXBuildFile; fileRef = C6245B0F2976E7010025F87E /* HomeViewController.swift */; };
		C6245B162976E7050025F87E /* ItemCatCollectionViewCell.swift in Sources */ = {isa = PBXBuildFile; fileRef = C6245B102976E7030025F87E /* ItemCatCollectionViewCell.swift */; };
		C6245B172976E7050025F87E /* ProfileViewController.swift in Sources */ = {isa = PBXBuildFile; fileRef = C6245B112976E7040025F87E /* ProfileViewController.swift */; };
		C6245B192976E7D80025F87E /* GoogleService-Info.plist in Resources */ = {isa = PBXBuildFile; fileRef = C6245B182976E7D50025F87E /* GoogleService-Info.plist */; };
		C6245B1B2976E8D40025F87E /* HomeCat.swift in Sources */ = {isa = PBXBuildFile; fileRef = C6245B1A2976E8D40025F87E /* HomeCat.swift */; };
		C6245B1D2976E8D70025F87E /* ItemCat.swift in Sources */ = {isa = PBXBuildFile; fileRef = C6245B1C2976E8D70025F87E /* ItemCat.swift */; };
		C6245B1F2976E8DA0025F87E /* ProfileLinkItem.swift in Sources */ = {isa = PBXBuildFile; fileRef = C6245B1E2976E8DA0025F87E /* ProfileLinkItem.swift */; };
		C6245B212976E8DC0025F87E /* Source.swift in Sources */ = {isa = PBXBuildFile; fileRef = C6245B202976E8DC0025F87E /* Source.swift */; };
		C63316D6297454F600EC5877 /* AppDelegate.swift in Sources */ = {isa = PBXBuildFile; fileRef = C63316D5297454F600EC5877 /* AppDelegate.swift */; };
		C63316D8297454F600EC5877 /* SceneDelegate.swift in Sources */ = {isa = PBXBuildFile; fileRef = C63316D7297454F600EC5877 /* SceneDelegate.swift */; };
		C63316DA297454F600EC5877 /* ViewController.swift in Sources */ = {isa = PBXBuildFile; fileRef = C63316D9297454F600EC5877 /* ViewController.swift */; };
		C63316DD297454F600EC5877 /* Main.storyboard in Resources */ = {isa = PBXBuildFile; fileRef = C63316DB297454F600EC5877 /* Main.storyboard */; };
		C63316DF297454FA00EC5877 /* Assets.xcassets in Resources */ = {isa = PBXBuildFile; fileRef = C63316DE297454FA00EC5877 /* Assets.xcassets */; };
		C63316E2297454FA00EC5877 /* LaunchScreen.storyboard in Resources */ = {isa = PBXBuildFile; fileRef = C63316E0297454FA00EC5877 /* LaunchScreen.storyboard */; };
		C68B01FF2976F8E3002B3533 /* OnBoardingHand.swift in Sources */ = {isa = PBXBuildFile; fileRef = C68B01FE2976F8E3002B3533 /* OnBoardingHand.swift */; };
		C68B0201297701B3002B3533 /* LaunchViewController.swift in Sources */ = {isa = PBXBuildFile; fileRef = C68B0200297701B3002B3533 /* LaunchViewController.swift */; };
		C6963ADB297976C100A40A63 /* CartViewController.swift in Sources */ = {isa = PBXBuildFile; fileRef = C6963ADA297976C100A40A63 /* CartViewController.swift */; };
		C6963ADD297976FD00A40A63 /* CartCollectionViewCell.swift in Sources */ = {isa = PBXBuildFile; fileRef = C6963ADC297976FD00A40A63 /* CartCollectionViewCell.swift */; };
		C6963ADF2979773900A40A63 /* Cart.swift in Sources */ = {isa = PBXBuildFile; fileRef = C6963ADE2979773900A40A63 /* Cart.swift */; };
		C6B7A8A729781FEB006E440E /* CategoriesViewController.swift in Sources */ = {isa = PBXBuildFile; fileRef = C6B7A8A629781FEB006E440E /* CategoriesViewController.swift */; };
		C6B7A8A92978201A006E440E /* CategoriesCollectionViewCell.swift in Sources */ = {isa = PBXBuildFile; fileRef = C6B7A8A82978201A006E440E /* CategoriesCollectionViewCell.swift */; };
		C6B7A8AB29782040006E440E /* Categories.swift in Sources */ = {isa = PBXBuildFile; fileRef = C6B7A8AA29782040006E440E /* Categories.swift */; };
/* End PBXBuildFile section */

/* Begin PBXFileReference section */
		45D33DE9013B6311A9293E4D /* Pods-Thunder_Store.release.xcconfig */ = {isa = PBXFileReference; includeInIndex = 1; lastKnownFileType = text.xcconfig; name = "Pods-Thunder_Store.release.xcconfig"; path = "Target Support Files/Pods-Thunder_Store/Pods-Thunder_Store.release.xcconfig"; sourceTree = "<group>"; };
		7A3964FED470AEFE5441E773 /* Pods_Thunder_Store.framework */ = {isa = PBXFileReference; explicitFileType = wrapper.framework; includeInIndex = 0; path = Pods_Thunder_Store.framework; sourceTree = BUILT_PRODUCTS_DIR; };
		C6155F9029773E7F00EC7E86 /* ItemCatViewController.swift */ = {isa = PBXFileReference; lastKnownFileType = sourcecode.swift; path = ItemCatViewController.swift; sourceTree = "<group>"; };
		C6245B082976E59C0025F87E /* LoginViewController.swift */ = {isa = PBXFileReference; fileEncoding = 4; lastKnownFileType = sourcecode.swift; path = LoginViewController.swift; sourceTree = "<group>"; };
		C6245B092976E59D0025F87E /* RegisterViewController.swift */ = {isa = PBXFileReference; fileEncoding = 4; lastKnownFileType = sourcecode.swift; path = RegisterViewController.swift; sourceTree = "<group>"; };
		C6245B0C2976E6FD0025F87E /* ProfileCollectionViewCell.swift */ = {isa = PBXFileReference; fileEncoding = 4; lastKnownFileType = sourcecode.swift; path = ProfileCollectionViewCell.swift; sourceTree = "<group>"; };
		C6245B0E2976E7000025F87E /* HomeCatCollectionViewCell.swift */ = {isa = PBXFileReference; fileEncoding = 4; lastKnownFileType = sourcecode.swift; path = HomeCatCollectionViewCell.swift; sourceTree = "<group>"; };
		C6245B0F2976E7010025F87E /* HomeViewController.swift */ = {isa = PBXFileReference; fileEncoding = 4; lastKnownFileType = sourcecode.swift; path = HomeViewController.swift; sourceTree = "<group>"; };
		C6245B102976E7030025F87E /* ItemCatCollectionViewCell.swift */ = {isa = PBXFileReference; fileEncoding = 4; lastKnownFileType = sourcecode.swift; path = ItemCatCollectionViewCell.swift; sourceTree = "<group>"; };
		C6245B112976E7040025F87E /* ProfileViewController.swift */ = {isa = PBXFileReference; fileEncoding = 4; lastKnownFileType = sourcecode.swift; path = ProfileViewController.swift; sourceTree = "<group>"; };
		C6245B182976E7D50025F87E /* GoogleService-Info.plist */ = {isa = PBXFileReference; fileEncoding = 4; lastKnownFileType = text.plist.xml; path = "GoogleService-Info.plist"; sourceTree = "<group>"; };
		C6245B1A2976E8D40025F87E /* HomeCat.swift */ = {isa = PBXFileReference; lastKnownFileType = sourcecode.swift; path = HomeCat.swift; sourceTree = "<group>"; };
		C6245B1C2976E8D70025F87E /* ItemCat.swift */ = {isa = PBXFileReference; lastKnownFileType = sourcecode.swift; path = ItemCat.swift; sourceTree = "<group>"; };
		C6245B1E2976E8DA0025F87E /* ProfileLinkItem.swift */ = {isa = PBXFileReference; lastKnownFileType = sourcecode.swift; path = ProfileLinkItem.swift; sourceTree = "<group>"; };
		C6245B202976E8DC0025F87E /* Source.swift */ = {isa = PBXFileReference; lastKnownFileType = sourcecode.swift; path = Source.swift; sourceTree = "<group>"; };
		C63316D2297454F600EC5877 /* Thunder_Store.app */ = {isa = PBXFileReference; explicitFileType = wrapper.application; includeInIndex = 0; path = Thunder_Store.app; sourceTree = BUILT_PRODUCTS_DIR; };
		C63316D5297454F600EC5877 /* AppDelegate.swift */ = {isa = PBXFileReference; lastKnownFileType = sourcecode.swift; path = AppDelegate.swift; sourceTree = "<group>"; };
		C63316D7297454F600EC5877 /* SceneDelegate.swift */ = {isa = PBXFileReference; lastKnownFileType = sourcecode.swift; path = SceneDelegate.swift; sourceTree = "<group>"; };
		C63316D9297454F600EC5877 /* ViewController.swift */ = {isa = PBXFileReference; lastKnownFileType = sourcecode.swift; path = ViewController.swift; sourceTree = "<group>"; };
		C63316DC297454F600EC5877 /* Base */ = {isa = PBXFileReference; lastKnownFileType = file.storyboard; name = Base; path = Base.lproj/Main.storyboard; sourceTree = "<group>"; };
		C63316DE297454FA00EC5877 /* Assets.xcassets */ = {isa = PBXFileReference; lastKnownFileType = folder.assetcatalog; path = Assets.xcassets; sourceTree = "<group>"; };
		C63316E1297454FA00EC5877 /* Base */ = {isa = PBXFileReference; lastKnownFileType = file.storyboard; name = Base; path = Base.lproj/LaunchScreen.storyboard; sourceTree = "<group>"; };
		C63316E3297454FA00EC5877 /* Info.plist */ = {isa = PBXFileReference; lastKnownFileType = text.plist.xml; path = Info.plist; sourceTree = "<group>"; };
		C68B01FE2976F8E3002B3533 /* OnBoardingHand.swift */ = {isa = PBXFileReference; lastKnownFileType = sourcecode.swift; path = OnBoardingHand.swift; sourceTree = "<group>"; };
		C68B0200297701B3002B3533 /* LaunchViewController.swift */ = {isa = PBXFileReference; lastKnownFileType = sourcecode.swift; path = LaunchViewController.swift; sourceTree = "<group>"; };
		C6963ADA297976C100A40A63 /* CartViewController.swift */ = {isa = PBXFileReference; lastKnownFileType = sourcecode.swift; path = CartViewController.swift; sourceTree = "<group>"; };
		C6963ADC297976FD00A40A63 /* CartCollectionViewCell.swift */ = {isa = PBXFileReference; lastKnownFileType = sourcecode.swift; path = CartCollectionViewCell.swift; sourceTree = "<group>"; };
		C6963ADE2979773900A40A63 /* Cart.swift */ = {isa = PBXFileReference; lastKnownFileType = sourcecode.swift; path = Cart.swift; sourceTree = "<group>"; };
		C6B7A8A629781FEB006E440E /* CategoriesViewController.swift */ = {isa = PBXFileReference; lastKnownFileType = sourcecode.swift; path = CategoriesViewController.swift; sourceTree = "<group>"; };
		C6B7A8A82978201A006E440E /* CategoriesCollectionViewCell.swift */ = {isa = PBXFileReference; lastKnownFileType = sourcecode.swift; path = CategoriesCollectionViewCell.swift; sourceTree = "<group>"; };
		C6B7A8AA29782040006E440E /* Categories.swift */ = {isa = PBXFileReference; lastKnownFileType = sourcecode.swift; path = Categories.swift; sourceTree = "<group>"; };
		D79DE959DA674BB4AA39980B /* Pods-Thunder_Store.debug.xcconfig */ = {isa = PBXFileReference; includeInIndex = 1; lastKnownFileType = text.xcconfig; name = "Pods-Thunder_Store.debug.xcconfig"; path = "Target Support Files/Pods-Thunder_Store/Pods-Thunder_Store.debug.xcconfig"; sourceTree = "<group>"; };
/* End PBXFileReference section */

/* Begin PBXFrameworksBuildPhase section */
		C63316CF297454F600EC5877 /* Frameworks */ = {
			isa = PBXFrameworksBuildPhase;
			buildActionMask = 2147483647;
			files = (
				3341D4627B765A38D9E8EBF9 /* Pods_Thunder_Store.framework in Frameworks */,
			);
			runOnlyForDeploymentPostprocessing = 0;
		};
/* End PBXFrameworksBuildPhase section */

/* Begin PBXGroup section */
		59610CC25424483AF06126F3 /* Pods */ = {
			isa = PBXGroup;
			children = (
				D79DE959DA674BB4AA39980B /* Pods-Thunder_Store.debug.xcconfig */,
				45D33DE9013B6311A9293E4D /* Pods-Thunder_Store.release.xcconfig */,
			);
			path = Pods;
			sourceTree = "<group>";
		};
		6DB0BB7F4D144149CF3480EB /* Frameworks */ = {
			isa = PBXGroup;
			children = (
				7A3964FED470AEFE5441E773 /* Pods_Thunder_Store.framework */,
			);
			name = Frameworks;
			sourceTree = "<group>";
		};
		C6155F8F29773D5F00EC7E86 /* Other */ = {
			isa = PBXGroup;
			children = (
				C68B0200297701B3002B3533 /* LaunchViewController.swift */,
			);
			path = Other;
			sourceTree = "<group>";
		};
		C6245B222976E8F50025F87E /* Model */ = {
			isa = PBXGroup;
			children = (
				C6245B1A2976E8D40025F87E /* HomeCat.swift */,
				C6B7A8AA29782040006E440E /* Categories.swift */,
				C6963ADE2979773900A40A63 /* Cart.swift */,
				C6245B1C2976E8D70025F87E /* ItemCat.swift */,
				C6245B1E2976E8DA0025F87E /* ProfileLinkItem.swift */,
				C6245B202976E8DC0025F87E /* Source.swift */,
				C68B01FE2976F8E3002B3533 /* OnBoardingHand.swift */,
			);
			path = Model;
			sourceTree = "<group>";
		};
		C63316C9297454F600EC5877 = {
			isa = PBXGroup;
			children = (
				C63316D4297454F600EC5877 /* Thunder_Store */,
				C63316D3297454F600EC5877 /* Products */,
				59610CC25424483AF06126F3 /* Pods */,
				6DB0BB7F4D144149CF3480EB /* Frameworks */,
			);
			sourceTree = "<group>";
		};
		C63316D3297454F600EC5877 /* Products */ = {
			isa = PBXGroup;
			children = (
				C63316D2297454F600EC5877 /* Thunder_Store.app */,
			);
			name = Products;
			sourceTree = "<group>";
		};
		C63316D4297454F600EC5877 /* Thunder_Store */ = {
			isa = PBXGroup;
			children = (
				C6155F8F29773D5F00EC7E86 /* Other */,
				C63316D5297454F600EC5877 /* AppDelegate.swift */,
				C63316D7297454F600EC5877 /* SceneDelegate.swift */,
				C63316D9297454F600EC5877 /* ViewController.swift */,
				C6245B082976E59C0025F87E /* LoginViewController.swift */,
				C6245B092976E59D0025F87E /* RegisterViewController.swift */,
				C6245B0F2976E7010025F87E /* HomeViewController.swift */,
				C6245B0E2976E7000025F87E /* HomeCatCollectionViewCell.swift */,
				C6245B112976E7040025F87E /* ProfileViewController.swift */,
				C6245B0C2976E6FD0025F87E /* ProfileCollectionViewCell.swift */,
				C6245B102976E7030025F87E /* ItemCatCollectionViewCell.swift */,
				C6155F9029773E7F00EC7E86 /* ItemCatViewController.swift */,
				C6B7A8A629781FEB006E440E /* CategoriesViewController.swift */,
				C6B7A8A82978201A006E440E /* CategoriesCollectionViewCell.swift */,
				C6963ADA297976C100A40A63 /* CartViewController.swift */,
				C6963ADC297976FD00A40A63 /* CartCollectionViewCell.swift */,
				C6245B222976E8F50025F87E /* Model */,
				C63316DB297454F600EC5877 /* Main.storyboard */,
				C63316DE297454FA00EC5877 /* Assets.xcassets */,
				C63316E0297454FA00EC5877 /* LaunchScreen.storyboard */,
				C63316E3297454FA00EC5877 /* Info.plist */,
				C6245B182976E7D50025F87E /* GoogleService-Info.plist */,
			);
			path = Thunder_Store;
			sourceTree = "<group>";
		};
/* End PBXGroup section */

/* Begin PBXNativeTarget section */
		C63316D1297454F600EC5877 /* Thunder_Store */ = {
			isa = PBXNativeTarget;
			buildConfigurationList = C63316E6297454FA00EC5877 /* Build configuration list for PBXNativeTarget "Thunder_Store" */;
			buildPhases = (
				D4B7A2318A79F4CCF3593871 /* [CP] Check Pods Manifest.lock */,
				C63316CE297454F600EC5877 /* Sources */,
				C63316CF297454F600EC5877 /* Frameworks */,
				C63316D0297454F600EC5877 /* Resources */,
				2CB6F5E023A2DE1D3E791AC7 /* [CP] Embed Pods Frameworks */,
			);
			buildRules = (
			);
			dependencies = (
			);
			name = Thunder_Store;
			productName = Thunder_Store;
			productReference = C63316D2297454F600EC5877 /* Thunder_Store.app */;
			productType = "com.apple.product-type.application";
		};
/* End PBXNativeTarget section */

/* Begin PBXProject section */
		C63316CA297454F600EC5877 /* Project object */ = {
			isa = PBXProject;
			attributes = {
				BuildIndependentTargetsInParallel = 1;
				LastSwiftUpdateCheck = 1420;
				LastUpgradeCheck = 1420;
				TargetAttributes = {
					C63316D1297454F600EC5877 = {
						CreatedOnToolsVersion = 14.2;
					};
				};
			};
			buildConfigurationList = C63316CD297454F600EC5877 /* Build configuration list for PBXProject "Thunder_Store" */;
			compatibilityVersion = "Xcode 14.0";
			developmentRegion = en;
			hasScannedForEncodings = 0;
			knownRegions = (
				en,
				Base,
			);
			mainGroup = C63316C9297454F600EC5877;
			productRefGroup = C63316D3297454F600EC5877 /* Products */;
			projectDirPath = "";
			projectRoot = "";
			targets = (
				C63316D1297454F600EC5877 /* Thunder_Store */,
			);
		};
/* End PBXProject section */

/* Begin PBXResourcesBuildPhase section */
		C63316D0297454F600EC5877 /* Resources */ = {
			isa = PBXResourcesBuildPhase;
			buildActionMask = 2147483647;
			files = (
				C63316E2297454FA00EC5877 /* LaunchScreen.storyboard in Resources */,
				C63316DF297454FA00EC5877 /* Assets.xcassets in Resources */,
				C6245B192976E7D80025F87E /* GoogleService-Info.plist in Resources */,
				C63316DD297454F600EC5877 /* Main.storyboard in Resources */,
			);
			runOnlyForDeploymentPostprocessing = 0;
		};
/* End PBXResourcesBuildPhase section */

/* Begin PBXShellScriptBuildPhase section */
		2CB6F5E023A2DE1D3E791AC7 /* [CP] Embed Pods Frameworks */ = {
			isa = PBXShellScriptBuildPhase;
			buildActionMask = 2147483647;
			files = (
			);
			inputFileListPaths = (
				"${PODS_ROOT}/Target Support Files/Pods-Thunder_Store/Pods-Thunder_Store-frameworks-${CONFIGURATION}-input-files.xcfilelist",
			);
			name = "[CP] Embed Pods Frameworks";
			outputFileListPaths = (
				"${PODS_ROOT}/Target Support Files/Pods-Thunder_Store/Pods-Thunder_Store-frameworks-${CONFIGURATION}-output-files.xcfilelist",
			);
			runOnlyForDeploymentPostprocessing = 0;
			shellPath = /bin/sh;
			shellScript = "\"${PODS_ROOT}/Target Support Files/Pods-Thunder_Store/Pods-Thunder_Store-frameworks.sh\"\n";
			showEnvVarsInLog = 0;
		};
		D4B7A2318A79F4CCF3593871 /* [CP] Check Pods Manifest.lock */ = {
			isa = PBXShellScriptBuildPhase;
			buildActionMask = 2147483647;
			files = (
			);
			inputFileListPaths = (
			);
			inputPaths = (
				"${PODS_PODFILE_DIR_PATH}/Podfile.lock",
				"${PODS_ROOT}/Manifest.lock",
			);
			name = "[CP] Check Pods Manifest.lock";
			outputFileListPaths = (
			);
			outputPaths = (
				"$(DERIVED_FILE_DIR)/Pods-Thunder_Store-checkManifestLockResult.txt",
			);
			runOnlyForDeploymentPostprocessing = 0;
			shellPath = /bin/sh;
			shellScript = "diff \"${PODS_PODFILE_DIR_PATH}/Podfile.lock\" \"${PODS_ROOT}/Manifest.lock\" > /dev/null\nif [ $? != 0 ] ; then\n    # print error to STDERR\n    echo \"error: The sandbox is not in sync with the Podfile.lock. Run 'pod install' or update your CocoaPods installation.\" >&2\n    exit 1\nfi\n# This output is used by Xcode 'outputs' to avoid re-running this script phase.\necho \"SUCCESS\" > \"${SCRIPT_OUTPUT_FILE_0}\"\n";
			showEnvVarsInLog = 0;
		};
/* End PBXShellScriptBuildPhase section */

/* Begin PBXSourcesBuildPhase section */
		C63316CE297454F600EC5877 /* Sources */ = {
			isa = PBXSourcesBuildPhase;
			buildActionMask = 2147483647;
			files = (
				C6245B0A2976E59D0025F87E /* LoginViewController.swift in Sources */,
				C68B01FF2976F8E3002B3533 /* OnBoardingHand.swift in Sources */,
				C6963ADD297976FD00A40A63 /* CartCollectionViewCell.swift in Sources */,
				C6B7A8A729781FEB006E440E /* CategoriesViewController.swift in Sources */,
				C6245B0B2976E59D0025F87E /* RegisterViewController.swift in Sources */,
				C6245B172976E7050025F87E /* ProfileViewController.swift in Sources */,
				C6245B1F2976E8DA0025F87E /* ProfileLinkItem.swift in Sources */,
				C6155F9129773E7F00EC7E86 /* ItemCatViewController.swift in Sources */,
				C63316DA297454F600EC5877 /* ViewController.swift in Sources */,
				C6245B152976E7050025F87E /* HomeViewController.swift in Sources */,
				C63316D6297454F600EC5877 /* AppDelegate.swift in Sources */,
				C6245B142976E7050025F87E /* HomeCatCollectionViewCell.swift in Sources */,
				C6963ADF2979773900A40A63 /* Cart.swift in Sources */,
				C6245B1D2976E8D70025F87E /* ItemCat.swift in Sources */,
				C6245B122976E7050025F87E /* ProfileCollectionViewCell.swift in Sources */,
				C6245B212976E8DC0025F87E /* Source.swift in Sources */,
				C63316D8297454F600EC5877 /* SceneDelegate.swift in Sources */,
				C6245B1B2976E8D40025F87E /* HomeCat.swift in Sources */,
				C6963ADB297976C100A40A63 /* CartViewController.swift in Sources */,
				C6245B162976E7050025F87E /* ItemCatCollectionViewCell.swift in Sources */,
				C6B7A8AB29782040006E440E /* Categories.swift in Sources */,
				C68B0201297701B3002B3533 /* LaunchViewController.swift in Sources */,
				C6B7A8A92978201A006E440E /* CategoriesCollectionViewCell.swift in Sources */,
			);
			runOnlyForDeploymentPostprocessing = 0;
		};
/* End PBXSourcesBuildPhase section */

/* Begin PBXVariantGroup section */
		C63316DB297454F600EC5877 /* Main.storyboard */ = {
			isa = PBXVariantGroup;
			children = (
				C63316DC297454F600EC5877 /* Base */,
			);
			name = Main.storyboard;
			sourceTree = "<group>";
		};
		C63316E0297454FA00EC5877 /* LaunchScreen.storyboard */ = {
			isa = PBXVariantGroup;
			children = (
				C63316E1297454FA00EC5877 /* Base */,
			);
			name = LaunchScreen.storyboard;
			sourceTree = "<group>";
		};
/* End PBXVariantGroup section */

/* Begin XCBuildConfiguration section */
		C63316E4297454FA00EC5877 /* Debug */ = {
			isa = XCBuildConfiguration;
			buildSettings = {
				ALWAYS_SEARCH_USER_PATHS = NO;
				CLANG_ANALYZER_NONNULL = YES;
				CLANG_ANALYZER_NUMBER_OBJECT_CONVERSION = YES_AGGRESSIVE;
				CLANG_CXX_LANGUAGE_STANDARD = "gnu++20";
				CLANG_ENABLE_MODULES = YES;
				CLANG_ENABLE_OBJC_ARC = YES;
				CLANG_ENABLE_OBJC_WEAK = YES;
				CLANG_WARN_BLOCK_CAPTURE_AUTORELEASING = YES;
				CLANG_WARN_BOOL_CONVERSION = YES;
				CLANG_WARN_COMMA = YES;
				CLANG_WARN_CONSTANT_CONVERSION = YES;
				CLANG_WARN_DEPRECATED_OBJC_IMPLEMENTATIONS = YES;
				CLANG_WARN_DIRECT_OBJC_ISA_USAGE = YES_ERROR;
				CLANG_WARN_DOCUMENTATION_COMMENTS = YES;
				CLANG_WARN_EMPTY_BODY = YES;
				CLANG_WARN_ENUM_CONVERSION = YES;
				CLANG_WARN_INFINITE_RECURSION = YES;
				CLANG_WARN_INT_CONVERSION = YES;
				CLANG_WARN_NON_LITERAL_NULL_CONVERSION = YES;
				CLANG_WARN_OBJC_IMPLICIT_RETAIN_SELF = YES;
				CLANG_WARN_OBJC_LITERAL_CONVERSION = YES;
				CLANG_WARN_OBJC_ROOT_CLASS = YES_ERROR;
				CLANG_WARN_QUOTED_INCLUDE_IN_FRAMEWORK_HEADER = YES;
				CLANG_WARN_RANGE_LOOP_ANALYSIS = YES;
				CLANG_WARN_STRICT_PROTOTYPES = YES;
				CLANG_WARN_SUSPICIOUS_MOVE = YES;
				CLANG_WARN_UNGUARDED_AVAILABILITY = YES_AGGRESSIVE;
				CLANG_WARN_UNREACHABLE_CODE = YES;
				CLANG_WARN__DUPLICATE_METHOD_MATCH = YES;
				COPY_PHASE_STRIP = NO;
				DEBUG_INFORMATION_FORMAT = dwarf;
				ENABLE_STRICT_OBJC_MSGSEND = YES;
				ENABLE_TESTABILITY = YES;
				GCC_C_LANGUAGE_STANDARD = gnu11;
				GCC_DYNAMIC_NO_PIC = NO;
				GCC_NO_COMMON_BLOCKS = YES;
				GCC_OPTIMIZATION_LEVEL = 0;
				GCC_PREPROCESSOR_DEFINITIONS = (
					"DEBUG=1",
					"$(inherited)",
				);
				GCC_WARN_64_TO_32_BIT_CONVERSION = YES;
				GCC_WARN_ABOUT_RETURN_TYPE = YES_ERROR;
				GCC_WARN_UNDECLARED_SELECTOR = YES;
				GCC_WARN_UNINITIALIZED_AUTOS = YES_AGGRESSIVE;
				GCC_WARN_UNUSED_FUNCTION = YES;
				GCC_WARN_UNUSED_VARIABLE = YES;
				IPHONEOS_DEPLOYMENT_TARGET = 16.2;
				MTL_ENABLE_DEBUG_INFO = INCLUDE_SOURCE;
				MTL_FAST_MATH = YES;
				ONLY_ACTIVE_ARCH = YES;
				SDKROOT = iphoneos;
				SWIFT_ACTIVE_COMPILATION_CONDITIONS = DEBUG;
				SWIFT_OPTIMIZATION_LEVEL = "-Onone";
			};
			name = Debug;
		};
		C63316E5297454FA00EC5877 /* Release */ = {
			isa = XCBuildConfiguration;
			buildSettings = {
				ALWAYS_SEARCH_USER_PATHS = NO;
				CLANG_ANALYZER_NONNULL = YES;
				CLANG_ANALYZER_NUMBER_OBJECT_CONVERSION = YES_AGGRESSIVE;
				CLANG_CXX_LANGUAGE_STANDARD = "gnu++20";
				CLANG_ENABLE_MODULES = YES;
				CLANG_ENABLE_OBJC_ARC = YES;
				CLANG_ENABLE_OBJC_WEAK = YES;
				CLANG_WARN_BLOCK_CAPTURE_AUTORELEASING = YES;
				CLANG_WARN_BOOL_CONVERSION = YES;
				CLANG_WARN_COMMA = YES;
				CLANG_WARN_CONSTANT_CONVERSION = YES;
				CLANG_WARN_DEPRECATED_OBJC_IMPLEMENTATIONS = YES;
				CLANG_WARN_DIRECT_OBJC_ISA_USAGE = YES_ERROR;
				CLANG_WARN_DOCUMENTATION_COMMENTS = YES;
				CLANG_WARN_EMPTY_BODY = YES;
				CLANG_WARN_ENUM_CONVERSION = YES;
				CLANG_WARN_INFINITE_RECURSION = YES;
				CLANG_WARN_INT_CONVERSION = YES;
				CLANG_WARN_NON_LITERAL_NULL_CONVERSION = YES;
				CLANG_WARN_OBJC_IMPLICIT_RETAIN_SELF = YES;
				CLANG_WARN_OBJC_LITERAL_CONVERSION = YES;
				CLANG_WARN_OBJC_ROOT_CLASS = YES_ERROR;
				CLANG_WARN_QUOTED_INCLUDE_IN_FRAMEWORK_HEADER = YES;
				CLANG_WARN_RANGE_LOOP_ANALYSIS = YES;
				CLANG_WARN_STRICT_PROTOTYPES = YES;
				CLANG_WARN_SUSPICIOUS_MOVE = YES;
				CLANG_WARN_UNGUARDED_AVAILABILITY = YES_AGGRESSIVE;
				CLANG_WARN_UNREACHABLE_CODE = YES;
				CLANG_WARN__DUPLICATE_METHOD_MATCH = YES;
				COPY_PHASE_STRIP = NO;
				DEBUG_INFORMATION_FORMAT = "dwarf-with-dsym";
				ENABLE_NS_ASSERTIONS = NO;
				ENABLE_STRICT_OBJC_MSGSEND = YES;
				GCC_C_LANGUAGE_STANDARD = gnu11;
				GCC_NO_COMMON_BLOCKS = YES;
				GCC_WARN_64_TO_32_BIT_CONVERSION = YES;
				GCC_WARN_ABOUT_RETURN_TYPE = YES_ERROR;
				GCC_WARN_UNDECLARED_SELECTOR = YES;
				GCC_WARN_UNINITIALIZED_AUTOS = YES_AGGRESSIVE;
				GCC_WARN_UNUSED_FUNCTION = YES;
				GCC_WARN_UNUSED_VARIABLE = YES;
				IPHONEOS_DEPLOYMENT_TARGET = 16.2;
				MTL_ENABLE_DEBUG_INFO = NO;
				MTL_FAST_MATH = YES;
				SDKROOT = iphoneos;
				SWIFT_COMPILATION_MODE = wholemodule;
				SWIFT_OPTIMIZATION_LEVEL = "-O";
				VALIDATE_PRODUCT = YES;
			};
			name = Release;
		};
		C63316E7297454FA00EC5877 /* Debug */ = {
			isa = XCBuildConfiguration;
			baseConfigurationReference = D79DE959DA674BB4AA39980B /* Pods-Thunder_Store.debug.xcconfig */;
			buildSettings = {
				ASSETCATALOG_COMPILER_APPICON_NAME = AppIcon;
				ASSETCATALOG_COMPILER_GLOBAL_ACCENT_COLOR_NAME = AccentColor;
				CODE_SIGN_STYLE = Automatic;
				CURRENT_PROJECT_VERSION = 1;
				GENERATE_INFOPLIST_FILE = YES;
				INFOPLIST_FILE = Thunder_Store/Info.plist;
				INFOPLIST_KEY_UIApplicationSupportsIndirectInputEvents = YES;
				INFOPLIST_KEY_UILaunchStoryboardName = LaunchScreen;
				INFOPLIST_KEY_UIMainStoryboardFile = Main;
				INFOPLIST_KEY_UISupportedInterfaceOrientations_iPad = "UIInterfaceOrientationPortrait UIInterfaceOrientationPortraitUpsideDown UIInterfaceOrientationLandscapeLeft UIInterfaceOrientationLandscapeRight";
				INFOPLIST_KEY_UISupportedInterfaceOrientations_iPhone = "UIInterfaceOrientationPortrait UIInterfaceOrientationLandscapeLeft UIInterfaceOrientationLandscapeRight";
				IPHONEOS_DEPLOYMENT_TARGET = 13.0;
				LD_RUNPATH_SEARCH_PATHS = (
					"$(inherited)",
					"@executable_path/Frameworks",
				);
				MARKETING_VERSION = 1.0;
				PRODUCT_BUNDLE_IDENTIFIER = "com.loay.Thunder-Store";
				PRODUCT_NAME = "$(TARGET_NAME)";
				SWIFT_EMIT_LOC_STRINGS = YES;
				SWIFT_VERSION = 5.0;
				TARGETED_DEVICE_FAMILY = "1,2";
			};
			name = Debug;
		};
		C63316E8297454FA00EC5877 /* Release */ = {
			isa = XCBuildConfiguration;
			baseConfigurationReference = 45D33DE9013B6311A9293E4D /* Pods-Thunder_Store.release.xcconfig */;
			buildSettings = {
				ASSETCATALOG_COMPILER_APPICON_NAME = AppIcon;
				ASSETCATALOG_COMPILER_GLOBAL_ACCENT_COLOR_NAME = AccentColor;
				CODE_SIGN_STYLE = Automatic;
				CURRENT_PROJECT_VERSION = 1;
				GENERATE_INFOPLIST_FILE = YES;
				INFOPLIST_FILE = Thunder_Store/Info.plist;
				INFOPLIST_KEY_UIApplicationSupportsIndirectInputEvents = YES;
				INFOPLIST_KEY_UILaunchStoryboardName = LaunchScreen;
				INFOPLIST_KEY_UIMainStoryboardFile = Main;
				INFOPLIST_KEY_UISupportedInterfaceOrientations_iPad = "UIInterfaceOrientationPortrait UIInterfaceOrientationPortraitUpsideDown UIInterfaceOrientationLandscapeLeft UIInterfaceOrientationLandscapeRight";
				INFOPLIST_KEY_UISupportedInterfaceOrientations_iPhone = "UIInterfaceOrientationPortrait UIInterfaceOrientationLandscapeLeft UIInterfaceOrientationLandscapeRight";
				IPHONEOS_DEPLOYMENT_TARGET = 13.0;
				LD_RUNPATH_SEARCH_PATHS = (
					"$(inherited)",
					"@executable_path/Frameworks",
				);
				MARKETING_VERSION = 1.0;
				PRODUCT_BUNDLE_IDENTIFIER = "com.loay.Thunder-Store";
				PRODUCT_NAME = "$(TARGET_NAME)";
				SWIFT_EMIT_LOC_STRINGS = YES;
				SWIFT_VERSION = 5.0;
				TARGETED_DEVICE_FAMILY = "1,2";
			};
			name = Release;
		};
/* End XCBuildConfiguration section */

/* Begin XCConfigurationList section */
		C63316CD297454F600EC5877 /* Build configuration list for PBXProject "Thunder_Store" */ = {
			isa = XCConfigurationList;
			buildConfigurations = (
				C63316E4297454FA00EC5877 /* Debug */,
				C63316E5297454FA00EC5877 /* Release */,
			);
			defaultConfigurationIsVisible = 0;
			defaultConfigurationName = Release;
		};
		C63316E6297454FA00EC5877 /* Build configuration list for PBXNativeTarget "Thunder_Store" */ = {
			isa = XCConfigurationList;
			buildConfigurations = (
				C63316E7297454FA00EC5877 /* Debug */,
				C63316E8297454FA00EC5877 /* Release */,
			);
			defaultConfigurationIsVisible = 0;
			defaultConfigurationName = Release;
		};
/* End XCConfigurationList section */
	};
	rootObject = C63316CA297454F600EC5877 /* Project object */;
}
